// !$*UTF8*$!
{
	archiveVersion = 1;
	classes = {
	};
	objectVersion = 48;
	objects = {

/* Begin PBXBuildFile section */
		975ED73555ADEFDF9080A629 /* Pods_PickupRideTests.framework in Frameworks */ = {isa = PBXBuildFile; fileRef = 998E9216DC0177AE0F4765B6 /* Pods_PickupRideTests.framework */; };
		DBC1D3D49EA91E6C02F83F70 /* Pods_PickupRide.framework in Frameworks */ = {isa = PBXBuildFile; fileRef = BEFEA95A124EF7FB58454E03 /* Pods_PickupRide.framework */; };
		F7201A2D20244DE1002A13DE /* ProfileViewController.swift in Sources */ = {isa = PBXBuildFile; fileRef = F7201A2B20244DE1002A13DE /* ProfileViewController.swift */; };
		F7201A2E20244DE1002A13DE /* ProfileViewController.xib in Resources */ = {isa = PBXBuildFile; fileRef = F7201A2C20244DE1002A13DE /* ProfileViewController.xib */; };
		F7201A3020244DEF002A13DE /* ProfileViewModel.swift in Sources */ = {isa = PBXBuildFile; fileRef = F7201A2F20244DEF002A13DE /* ProfileViewModel.swift */; };
		F7201A3220244FD3002A13DE /* UIColor+Theme.swift in Sources */ = {isa = PBXBuildFile; fileRef = F7201A3120244FD3002A13DE /* UIColor+Theme.swift */; };
		F7201A3620245EB9002A13DE /* ProfileOptionCell.swift in Sources */ = {isa = PBXBuildFile; fileRef = F7201A3420245EB9002A13DE /* ProfileOptionCell.swift */; };
		F7201A3720245EB9002A13DE /* ProfileOptionCell.xib in Resources */ = {isa = PBXBuildFile; fileRef = F7201A3520245EB9002A13DE /* ProfileOptionCell.xib */; };
		F7201A3A20246B4E002A13DE /* Booking.swift in Sources */ = {isa = PBXBuildFile; fileRef = F7201A3920246B4E002A13DE /* Booking.swift */; };
		F7201A3C2024754F002A13DE /* RideAction.swift in Sources */ = {isa = PBXBuildFile; fileRef = F7201A3B2024754F002A13DE /* RideAction.swift */; };
		F7201A3F2024757C002A13DE /* GPSData.swift in Sources */ = {isa = PBXBuildFile; fileRef = F7201A3E2024757C002A13DE /* GPSData.swift */; };
		F7201A41202476C7002A13DE /* Location.swift in Sources */ = {isa = PBXBuildFile; fileRef = F7201A40202476C7002A13DE /* Location.swift */; };
		F7D1483F202349E0003A4F63 /* NavigationService.swift in Sources */ = {isa = PBXBuildFile; fileRef = F7D1483E202349E0003A4F63 /* NavigationService.swift */; };
		F7D1484220234CF9003A4F63 /* CurrentRideViewController.xib in Resources */ = {isa = PBXBuildFile; fileRef = F7D1484120234CF9003A4F63 /* CurrentRideViewController.xib */; };
		F7D1484520234D20003A4F63 /* CurrentRideViewController.swift in Sources */ = {isa = PBXBuildFile; fileRef = F7D1484420234D20003A4F63 /* CurrentRideViewController.swift */; };
		F7D1484720234DB9003A4F63 /* CurrentRideViewModel.swift in Sources */ = {isa = PBXBuildFile; fileRef = F7D1484620234DB9003A4F63 /* CurrentRideViewModel.swift */; };
		F7D1484A20234F2E003A4F63 /* BundleImage.swift in Sources */ = {isa = PBXBuildFile; fileRef = F7D1484920234F2E003A4F63 /* BundleImage.swift */; };
		F7D1484C20235170003A4F63 /* Assets.xcassets in Resources */ = {isa = PBXBuildFile; fileRef = F7D1484B20235170003A4F63 /* Assets.xcassets */; };
		F7D1484F20235282003A4F63 /* NavigationController.swift in Sources */ = {isa = PBXBuildFile; fileRef = F7D1484E20235282003A4F63 /* NavigationController.swift */; };
		F7D1485320237E9E003A4F63 /* RideActionView.xib in Resources */ = {isa = PBXBuildFile; fileRef = F7D1485220237E9E003A4F63 /* RideActionView.xib */; };
		F7D1485520237EB5003A4F63 /* RideActionView.swift in Sources */ = {isa = PBXBuildFile; fileRef = F7D1485420237EB5003A4F63 /* RideActionView.swift */; };
		F7D1485720238547003A4F63 /* Texts.swift in Sources */ = {isa = PBXBuildFile; fileRef = F7D1485620238547003A4F63 /* Texts.swift */; };
		F7E7E3AE2023417200BF0D50 /* AppDelegate.swift in Sources */ = {isa = PBXBuildFile; fileRef = F7E7E3AD2023417200BF0D50 /* AppDelegate.swift */; };
		F7E7E3B62023417200BF0D50 /* PickupRide.xcdatamodeld in Sources */ = {isa = PBXBuildFile; fileRef = F7E7E3B42023417200BF0D50 /* PickupRide.xcdatamodeld */; };
		F7E7E3BB2023417200BF0D50 /* LaunchScreen.storyboard in Resources */ = {isa = PBXBuildFile; fileRef = F7E7E3B92023417200BF0D50 /* LaunchScreen.storyboard */; };
		F7E7E3C62023417200BF0D50 /* PickupRideTests.swift in Sources */ = {isa = PBXBuildFile; fileRef = F7E7E3C52023417200BF0D50 /* PickupRideTests.swift */; };
/* End PBXBuildFile section */

/* Begin PBXContainerItemProxy section */
		F7E7E3C22023417200BF0D50 /* PBXContainerItemProxy */ = {
			isa = PBXContainerItemProxy;
			containerPortal = F7E7E3A22023417200BF0D50 /* Project object */;
			proxyType = 1;
			remoteGlobalIDString = F7E7E3A92023417200BF0D50;
			remoteInfo = PickupRide;
		};
/* End PBXContainerItemProxy section */

/* Begin PBXFileReference section */
		15D19F660E5126DC63BD3B8F /* Pods-PickupRideTests.debug.xcconfig */ = {isa = PBXFileReference; includeInIndex = 1; lastKnownFileType = text.xcconfig; name = "Pods-PickupRideTests.debug.xcconfig"; path = "Pods/Target Support Files/Pods-PickupRideTests/Pods-PickupRideTests.debug.xcconfig"; sourceTree = "<group>"; };
		1822F347F0FB8978AC379A32 /* Pods-PickupRide.debug.xcconfig */ = {isa = PBXFileReference; includeInIndex = 1; lastKnownFileType = text.xcconfig; name = "Pods-PickupRide.debug.xcconfig"; path = "Pods/Target Support Files/Pods-PickupRide/Pods-PickupRide.debug.xcconfig"; sourceTree = "<group>"; };
		3F5328A4846B925CD7757917 /* Pods-PickupRideTests.release.xcconfig */ = {isa = PBXFileReference; includeInIndex = 1; lastKnownFileType = text.xcconfig; name = "Pods-PickupRideTests.release.xcconfig"; path = "Pods/Target Support Files/Pods-PickupRideTests/Pods-PickupRideTests.release.xcconfig"; sourceTree = "<group>"; };
		8AFCD9CABD33C29025C8DF1F /* Pods-PickupRide.release.xcconfig */ = {isa = PBXFileReference; includeInIndex = 1; lastKnownFileType = text.xcconfig; name = "Pods-PickupRide.release.xcconfig"; path = "Pods/Target Support Files/Pods-PickupRide/Pods-PickupRide.release.xcconfig"; sourceTree = "<group>"; };
		998E9216DC0177AE0F4765B6 /* Pods_PickupRideTests.framework */ = {isa = PBXFileReference; explicitFileType = wrapper.framework; includeInIndex = 0; path = Pods_PickupRideTests.framework; sourceTree = BUILT_PRODUCTS_DIR; };
		BEFEA95A124EF7FB58454E03 /* Pods_PickupRide.framework */ = {isa = PBXFileReference; explicitFileType = wrapper.framework; includeInIndex = 0; path = Pods_PickupRide.framework; sourceTree = BUILT_PRODUCTS_DIR; };
		F7201A2B20244DE1002A13DE /* ProfileViewController.swift */ = {isa = PBXFileReference; lastKnownFileType = sourcecode.swift; path = ProfileViewController.swift; sourceTree = "<group>"; };
		F7201A2C20244DE1002A13DE /* ProfileViewController.xib */ = {isa = PBXFileReference; lastKnownFileType = file.xib; path = ProfileViewController.xib; sourceTree = "<group>"; };
		F7201A2F20244DEF002A13DE /* ProfileViewModel.swift */ = {isa = PBXFileReference; lastKnownFileType = sourcecode.swift; path = ProfileViewModel.swift; sourceTree = "<group>"; };
		F7201A3120244FD3002A13DE /* UIColor+Theme.swift */ = {isa = PBXFileReference; lastKnownFileType = sourcecode.swift; path = "UIColor+Theme.swift"; sourceTree = "<group>"; };
		F7201A3420245EB9002A13DE /* ProfileOptionCell.swift */ = {isa = PBXFileReference; lastKnownFileType = sourcecode.swift; path = ProfileOptionCell.swift; sourceTree = "<group>"; };
		F7201A3520245EB9002A13DE /* ProfileOptionCell.xib */ = {isa = PBXFileReference; lastKnownFileType = file.xib; path = ProfileOptionCell.xib; sourceTree = "<group>"; };
		F7201A3920246B4E002A13DE /* Booking.swift */ = {isa = PBXFileReference; lastKnownFileType = sourcecode.swift; path = Booking.swift; sourceTree = "<group>"; };
		F7201A3B2024754F002A13DE /* RideAction.swift */ = {isa = PBXFileReference; lastKnownFileType = sourcecode.swift; path = RideAction.swift; sourceTree = "<group>"; };
		F7201A3E2024757C002A13DE /* GPSData.swift */ = {isa = PBXFileReference; lastKnownFileType = sourcecode.swift; path = GPSData.swift; sourceTree = "<group>"; };
		F7201A40202476C7002A13DE /* Location.swift */ = {isa = PBXFileReference; lastKnownFileType = sourcecode.swift; path = Location.swift; sourceTree = "<group>"; };
		F7D1483E202349E0003A4F63 /* NavigationService.swift */ = {isa = PBXFileReference; lastKnownFileType = sourcecode.swift; path = NavigationService.swift; sourceTree = "<group>"; };
		F7D1484120234CF9003A4F63 /* CurrentRideViewController.xib */ = {isa = PBXFileReference; lastKnownFileType = file.xib; path = CurrentRideViewController.xib; sourceTree = "<group>"; };
		F7D1484420234D20003A4F63 /* CurrentRideViewController.swift */ = {isa = PBXFileReference; lastKnownFileType = sourcecode.swift; path = CurrentRideViewController.swift; sourceTree = "<group>"; };
		F7D1484620234DB9003A4F63 /* CurrentRideViewModel.swift */ = {isa = PBXFileReference; lastKnownFileType = sourcecode.swift; path = CurrentRideViewModel.swift; sourceTree = "<group>"; };
		F7D1484920234F2E003A4F63 /* BundleImage.swift */ = {isa = PBXFileReference; lastKnownFileType = sourcecode.swift; path = BundleImage.swift; sourceTree = "<group>"; };
		F7D1484B20235170003A4F63 /* Assets.xcassets */ = {isa = PBXFileReference; lastKnownFileType = folder.assetcatalog; path = Assets.xcassets; sourceTree = "<group>"; };
		F7D1484E20235282003A4F63 /* NavigationController.swift */ = {isa = PBXFileReference; lastKnownFileType = sourcecode.swift; path = NavigationController.swift; sourceTree = "<group>"; };
		F7D1485220237E9E003A4F63 /* RideActionView.xib */ = {isa = PBXFileReference; lastKnownFileType = file.xib; path = RideActionView.xib; sourceTree = "<group>"; };
		F7D1485420237EB5003A4F63 /* RideActionView.swift */ = {isa = PBXFileReference; lastKnownFileType = sourcecode.swift; path = RideActionView.swift; sourceTree = "<group>"; };
		F7D1485620238547003A4F63 /* Texts.swift */ = {isa = PBXFileReference; lastKnownFileType = sourcecode.swift; path = Texts.swift; sourceTree = "<group>"; };
		F7E7E3AA2023417200BF0D50 /* PickupRide.app */ = {isa = PBXFileReference; explicitFileType = wrapper.application; includeInIndex = 0; path = PickupRide.app; sourceTree = BUILT_PRODUCTS_DIR; };
		F7E7E3AD2023417200BF0D50 /* AppDelegate.swift */ = {isa = PBXFileReference; lastKnownFileType = sourcecode.swift; path = AppDelegate.swift; sourceTree = "<group>"; };
		F7E7E3B52023417200BF0D50 /* PickupRide.xcdatamodel */ = {isa = PBXFileReference; lastKnownFileType = wrapper.xcdatamodel; path = PickupRide.xcdatamodel; sourceTree = "<group>"; };
		F7E7E3BA2023417200BF0D50 /* Base */ = {isa = PBXFileReference; lastKnownFileType = file.storyboard; name = Base; path = Base.lproj/LaunchScreen.storyboard; sourceTree = "<group>"; };
		F7E7E3BC2023417200BF0D50 /* Info.plist */ = {isa = PBXFileReference; lastKnownFileType = text.plist.xml; path = Info.plist; sourceTree = "<group>"; };
		F7E7E3C12023417200BF0D50 /* PickupRideTests.xctest */ = {isa = PBXFileReference; explicitFileType = wrapper.cfbundle; includeInIndex = 0; path = PickupRideTests.xctest; sourceTree = BUILT_PRODUCTS_DIR; };
		F7E7E3C52023417200BF0D50 /* PickupRideTests.swift */ = {isa = PBXFileReference; lastKnownFileType = sourcecode.swift; path = PickupRideTests.swift; sourceTree = "<group>"; };
		F7E7E3C72023417200BF0D50 /* Info.plist */ = {isa = PBXFileReference; lastKnownFileType = text.plist.xml; path = Info.plist; sourceTree = "<group>"; };
/* End PBXFileReference section */

/* Begin PBXFrameworksBuildPhase section */
		F7E7E3A72023417200BF0D50 /* Frameworks */ = {
			isa = PBXFrameworksBuildPhase;
			buildActionMask = 2147483647;
			files = (
				DBC1D3D49EA91E6C02F83F70 /* Pods_PickupRide.framework in Frameworks */,
			);
			runOnlyForDeploymentPostprocessing = 0;
		};
		F7E7E3BE2023417200BF0D50 /* Frameworks */ = {
			isa = PBXFrameworksBuildPhase;
			buildActionMask = 2147483647;
			files = (
				975ED73555ADEFDF9080A629 /* Pods_PickupRideTests.framework in Frameworks */,
			);
			runOnlyForDeploymentPostprocessing = 0;
		};
/* End PBXFrameworksBuildPhase section */

/* Begin PBXGroup section */
		82E9430307A1D90D46CB61B7 /* Pods */ = {
			isa = PBXGroup;
			children = (
				1822F347F0FB8978AC379A32 /* Pods-PickupRide.debug.xcconfig */,
				8AFCD9CABD33C29025C8DF1F /* Pods-PickupRide.release.xcconfig */,
				15D19F660E5126DC63BD3B8F /* Pods-PickupRideTests.debug.xcconfig */,
				3F5328A4846B925CD7757917 /* Pods-PickupRideTests.release.xcconfig */,
			);
			name = Pods;
			sourceTree = "<group>";
		};
		F21CE6E4ADAD4A8CF1223E7F /* Frameworks */ = {
			isa = PBXGroup;
			children = (
				BEFEA95A124EF7FB58454E03 /* Pods_PickupRide.framework */,
				998E9216DC0177AE0F4765B6 /* Pods_PickupRideTests.framework */,
			);
			name = Frameworks;
			sourceTree = "<group>";
		};
		F7201A2A20244DB2002A13DE /* Profile */ = {
			isa = PBXGroup;
			children = (
				F7201A2C20244DE1002A13DE /* ProfileViewController.xib */,
				F7201A2B20244DE1002A13DE /* ProfileViewController.swift */,
				F7201A2F20244DEF002A13DE /* ProfileViewModel.swift */,
				F7201A3520245EB9002A13DE /* ProfileOptionCell.xib */,
				F7201A3420245EB9002A13DE /* ProfileOptionCell.swift */,
			);
			path = Profile;
			sourceTree = "<group>";
		};
		F7201A3820246B1E002A13DE /* Store */ = {
			isa = PBXGroup;
			children = (
				F7201A3D20247572002A13DE /* Models */,
				F7E7E3B42023417200BF0D50 /* PickupRide.xcdatamodeld */,
			);
			name = Store;
			path = Model;
			sourceTree = "<group>";
		};
		F7201A3D20247572002A13DE /* Models */ = {
			isa = PBXGroup;
			children = (
				F7201A3920246B4E002A13DE /* Booking.swift */,
				F7201A3B2024754F002A13DE /* RideAction.swift */,
				F7201A3E2024757C002A13DE /* GPSData.swift */,
				F7201A40202476C7002A13DE /* Location.swift */,
			);
			path = Models;
			sourceTree = "<group>";
		};
		F7D1483C202349AA003A4F63 /* Resources */ = {
			isa = PBXGroup;
			children = (
				F7D1484B20235170003A4F63 /* Assets.xcassets */,
				F7E7E3B92023417200BF0D50 /* LaunchScreen.storyboard */,
				F7E7E3BC2023417200BF0D50 /* Info.plist */,
			);
			path = Resources;
			sourceTree = "<group>";
		};
		F7D1483D202349B8003A4F63 /* UserInterface */ = {
			isa = PBXGroup;
			children = (
				F7D1484320234D0F003A4F63 /* CurrentRide */,
				F7D1484D20235273003A4F63 /* Navigation */,
				F7201A2A20244DB2002A13DE /* Profile */,
				F7D1484820234F20003A4F63 /* Theme */,
				F7E7E3AD2023417200BF0D50 /* AppDelegate.swift */,
			);
			path = UserInterface;
			sourceTree = "<group>";
		};
		F7D1484320234D0F003A4F63 /* CurrentRide */ = {
			isa = PBXGroup;
			children = (
				F7D1484120234CF9003A4F63 /* CurrentRideViewController.xib */,
				F7D1484420234D20003A4F63 /* CurrentRideViewController.swift */,
				F7D1484620234DB9003A4F63 /* CurrentRideViewModel.swift */,
				F7D1485220237E9E003A4F63 /* RideActionView.xib */,
				F7D1485420237EB5003A4F63 /* RideActionView.swift */,
			);
			path = CurrentRide;
			sourceTree = "<group>";
		};
		F7D1484820234F20003A4F63 /* Theme */ = {
			isa = PBXGroup;
			children = (
				F7D1484920234F2E003A4F63 /* BundleImage.swift */,
				F7D1485620238547003A4F63 /* Texts.swift */,
				F7201A3120244FD3002A13DE /* UIColor+Theme.swift */,
			);
			path = Theme;
			sourceTree = "<group>";
		};
		F7D1484D20235273003A4F63 /* Navigation */ = {
			isa = PBXGroup;
			children = (
				F7D1483E202349E0003A4F63 /* NavigationService.swift */,
				F7D1484E20235282003A4F63 /* NavigationController.swift */,
			);
			path = Navigation;
			sourceTree = "<group>";
		};
		F7E7E3A12023417200BF0D50 = {
			isa = PBXGroup;
			children = (
				F7E7E3AC2023417200BF0D50 /* PickupRide */,
				F7E7E3C42023417200BF0D50 /* PickupRideTests */,
				F7E7E3AB2023417200BF0D50 /* Products */,
				82E9430307A1D90D46CB61B7 /* Pods */,
				F21CE6E4ADAD4A8CF1223E7F /* Frameworks */,
			);
			sourceTree = "<group>";
		};
		F7E7E3AB2023417200BF0D50 /* Products */ = {
			isa = PBXGroup;
			children = (
				F7E7E3AA2023417200BF0D50 /* PickupRide.app */,
				F7E7E3C12023417200BF0D50 /* PickupRideTests.xctest */,
			);
			name = Products;
			sourceTree = "<group>";
		};
		F7E7E3AC2023417200BF0D50 /* PickupRide */ = {
			isa = PBXGroup;
			children = (
				F7201A3820246B1E002A13DE /* Store */,
				F7D1483D202349B8003A4F63 /* UserInterface */,
				F7D1483C202349AA003A4F63 /* Resources */,
			);
			path = PickupRide;
			sourceTree = "<group>";
		};
		F7E7E3C42023417200BF0D50 /* PickupRideTests */ = {
			isa = PBXGroup;
			children = (
				F7E7E3C52023417200BF0D50 /* PickupRideTests.swift */,
				F7E7E3C72023417200BF0D50 /* Info.plist */,
			);
			path = PickupRideTests;
			sourceTree = "<group>";
		};
/* End PBXGroup section */

/* Begin PBXNativeTarget section */
		F7E7E3A92023417200BF0D50 /* PickupRide */ = {
			isa = PBXNativeTarget;
			buildConfigurationList = F7E7E3CA2023417200BF0D50 /* Build configuration list for PBXNativeTarget "PickupRide" */;
			buildPhases = (
				2560DDDF7BA14E2E6D054702 /* [CP] Check Pods Manifest.lock */,
				F7E7E3A62023417200BF0D50 /* Sources */,
				F7E7E3A72023417200BF0D50 /* Frameworks */,
				F7E7E3A82023417200BF0D50 /* Resources */,
				7AAD070FB08B2469A09297D9 /* [CP] Embed Pods Frameworks */,
				6BA10DA69E85DC2CCD99A834 /* [CP] Copy Pods Resources */,
			);
			buildRules = (
			);
			dependencies = (
			);
			name = PickupRide;
			productName = PickupRide;
			productReference = F7E7E3AA2023417200BF0D50 /* PickupRide.app */;
			productType = "com.apple.product-type.application";
		};
		F7E7E3C02023417200BF0D50 /* PickupRideTests */ = {
			isa = PBXNativeTarget;
			buildConfigurationList = F7E7E3CD2023417200BF0D50 /* Build configuration list for PBXNativeTarget "PickupRideTests" */;
			buildPhases = (
				7ADB7157E56E9FDF2401DE5B /* [CP] Check Pods Manifest.lock */,
				F7E7E3BD2023417200BF0D50 /* Sources */,
				F7E7E3BE2023417200BF0D50 /* Frameworks */,
				F7E7E3BF2023417200BF0D50 /* Resources */,
				47D7C914E2E9792222FF0B3C /* [CP] Embed Pods Frameworks */,
				86699B6AD3DC55C6FFF83E58 /* [CP] Copy Pods Resources */,
			);
			buildRules = (
			);
			dependencies = (
				F7E7E3C32023417200BF0D50 /* PBXTargetDependency */,
			);
			name = PickupRideTests;
			productName = PickupRideTests;
			productReference = F7E7E3C12023417200BF0D50 /* PickupRideTests.xctest */;
			productType = "com.apple.product-type.bundle.unit-test";
		};
/* End PBXNativeTarget section */

/* Begin PBXProject section */
		F7E7E3A22023417200BF0D50 /* Project object */ = {
			isa = PBXProject;
			attributes = {
				LastSwiftUpdateCheck = 0920;
				LastUpgradeCheck = 0920;
				ORGANIZATIONNAME = "Niko Mikulicic";
				TargetAttributes = {
					F7E7E3A92023417200BF0D50 = {
						CreatedOnToolsVersion = 9.2;
						ProvisioningStyle = Automatic;
					};
					F7E7E3C02023417200BF0D50 = {
						CreatedOnToolsVersion = 9.2;
						ProvisioningStyle = Automatic;
						TestTargetID = F7E7E3A92023417200BF0D50;
					};
				};
			};
			buildConfigurationList = F7E7E3A52023417200BF0D50 /* Build configuration list for PBXProject "PickupRide" */;
			compatibilityVersion = "Xcode 8.0";
			developmentRegion = en;
			hasScannedForEncodings = 0;
			knownRegions = (
				en,
				Base,
			);
			mainGroup = F7E7E3A12023417200BF0D50;
			productRefGroup = F7E7E3AB2023417200BF0D50 /* Products */;
			projectDirPath = "";
			projectRoot = "";
			targets = (
				F7E7E3A92023417200BF0D50 /* PickupRide */,
				F7E7E3C02023417200BF0D50 /* PickupRideTests */,
			);
		};
/* End PBXProject section */

/* Begin PBXResourcesBuildPhase section */
		F7E7E3A82023417200BF0D50 /* Resources */ = {
			isa = PBXResourcesBuildPhase;
			buildActionMask = 2147483647;
			files = (
				F7201A3720245EB9002A13DE /* ProfileOptionCell.xib in Resources */,
				F7D1485320237E9E003A4F63 /* RideActionView.xib in Resources */,
				F7E7E3BB2023417200BF0D50 /* LaunchScreen.storyboard in Resources */,
				F7D1484C20235170003A4F63 /* Assets.xcassets in Resources */,
				F7201A2E20244DE1002A13DE /* ProfileViewController.xib in Resources */,
				F7D1484220234CF9003A4F63 /* CurrentRideViewController.xib in Resources */,
			);
			runOnlyForDeploymentPostprocessing = 0;
		};
		F7E7E3BF2023417200BF0D50 /* Resources */ = {
			isa = PBXResourcesBuildPhase;
			buildActionMask = 2147483647;
			files = (
			);
			runOnlyForDeploymentPostprocessing = 0;
		};
/* End PBXResourcesBuildPhase section */

/* Begin PBXShellScriptBuildPhase section */
		2560DDDF7BA14E2E6D054702 /* [CP] Check Pods Manifest.lock */ = {
			isa = PBXShellScriptBuildPhase;
			buildActionMask = 2147483647;
			files = (
			);
			inputPaths = (
				"${PODS_PODFILE_DIR_PATH}/Podfile.lock",
				"${PODS_ROOT}/Manifest.lock",
			);
			name = "[CP] Check Pods Manifest.lock";
			outputPaths = (
				"$(DERIVED_FILE_DIR)/Pods-PickupRide-checkManifestLockResult.txt",
			);
			runOnlyForDeploymentPostprocessing = 0;
			shellPath = /bin/sh;
			shellScript = "diff \"${PODS_PODFILE_DIR_PATH}/Podfile.lock\" \"${PODS_ROOT}/Manifest.lock\" > /dev/null\nif [ $? != 0 ] ; then\n    # print error to STDERR\n    echo \"error: The sandbox is not in sync with the Podfile.lock. Run 'pod install' or update your CocoaPods installation.\" >&2\n    exit 1\nfi\n# This output is used by Xcode 'outputs' to avoid re-running this script phase.\necho \"SUCCESS\" > \"${SCRIPT_OUTPUT_FILE_0}\"\n";
			showEnvVarsInLog = 0;
		};
		47D7C914E2E9792222FF0B3C /* [CP] Embed Pods Frameworks */ = {
			isa = PBXShellScriptBuildPhase;
			buildActionMask = 2147483647;
			files = (
			);
			inputPaths = (
				"${SRCROOT}/Pods/Target Support Files/Pods-PickupRideTests/Pods-PickupRideTests-frameworks.sh",
				"${BUILT_PRODUCTS_DIR}/PureLayout/PureLayout.framework",
				"${BUILT_PRODUCTS_DIR}/RxCocoa/RxCocoa.framework",
				"${BUILT_PRODUCTS_DIR}/RxSwift/RxSwift.framework",
			);
			name = "[CP] Embed Pods Frameworks";
			outputPaths = (
				"${TARGET_BUILD_DIR}/${FRAMEWORKS_FOLDER_PATH}/PureLayout.framework",
				"${TARGET_BUILD_DIR}/${FRAMEWORKS_FOLDER_PATH}/RxCocoa.framework",
				"${TARGET_BUILD_DIR}/${FRAMEWORKS_FOLDER_PATH}/RxSwift.framework",
			);
			runOnlyForDeploymentPostprocessing = 0;
			shellPath = /bin/sh;
			shellScript = "\"${SRCROOT}/Pods/Target Support Files/Pods-PickupRideTests/Pods-PickupRideTests-frameworks.sh\"\n";
			showEnvVarsInLog = 0;
		};
		6BA10DA69E85DC2CCD99A834 /* [CP] Copy Pods Resources */ = {
			isa = PBXShellScriptBuildPhase;
			buildActionMask = 2147483647;
			files = (
			);
			inputPaths = (
			);
			name = "[CP] Copy Pods Resources";
			outputPaths = (
			);
			runOnlyForDeploymentPostprocessing = 0;
			shellPath = /bin/sh;
			shellScript = "\"${SRCROOT}/Pods/Target Support Files/Pods-PickupRide/Pods-PickupRide-resources.sh\"\n";
			showEnvVarsInLog = 0;
		};
		7AAD070FB08B2469A09297D9 /* [CP] Embed Pods Frameworks */ = {
			isa = PBXShellScriptBuildPhase;
			buildActionMask = 2147483647;
			files = (
			);
			inputPaths = (
				"${SRCROOT}/Pods/Target Support Files/Pods-PickupRide/Pods-PickupRide-frameworks.sh",
				"${BUILT_PRODUCTS_DIR}/PureLayout/PureLayout.framework",
				"${BUILT_PRODUCTS_DIR}/RxCocoa/RxCocoa.framework",
				"${BUILT_PRODUCTS_DIR}/RxSwift/RxSwift.framework",
			);
			name = "[CP] Embed Pods Frameworks";
			outputPaths = (
				"${TARGET_BUILD_DIR}/${FRAMEWORKS_FOLDER_PATH}/PureLayout.framework",
				"${TARGET_BUILD_DIR}/${FRAMEWORKS_FOLDER_PATH}/RxCocoa.framework",
				"${TARGET_BUILD_DIR}/${FRAMEWORKS_FOLDER_PATH}/RxSwift.framework",
			);
			runOnlyForDeploymentPostprocessing = 0;
			shellPath = /bin/sh;
			shellScript = "\"${SRCROOT}/Pods/Target Support Files/Pods-PickupRide/Pods-PickupRide-frameworks.sh\"\n";
			showEnvVarsInLog = 0;
		};
		7ADB7157E56E9FDF2401DE5B /* [CP] Check Pods Manifest.lock */ = {
			isa = PBXShellScriptBuildPhase;
			buildActionMask = 2147483647;
			files = (
			);
			inputPaths = (
				"${PODS_PODFILE_DIR_PATH}/Podfile.lock",
				"${PODS_ROOT}/Manifest.lock",
			);
			name = "[CP] Check Pods Manifest.lock";
			outputPaths = (
				"$(DERIVED_FILE_DIR)/Pods-PickupRideTests-checkManifestLockResult.txt",
			);
			runOnlyForDeploymentPostprocessing = 0;
			shellPath = /bin/sh;
			shellScript = "diff \"${PODS_PODFILE_DIR_PATH}/Podfile.lock\" \"${PODS_ROOT}/Manifest.lock\" > /dev/null\nif [ $? != 0 ] ; then\n    # print error to STDERR\n    echo \"error: The sandbox is not in sync with the Podfile.lock. Run 'pod install' or update your CocoaPods installation.\" >&2\n    exit 1\nfi\n# This output is used by Xcode 'outputs' to avoid re-running this script phase.\necho \"SUCCESS\" > \"${SCRIPT_OUTPUT_FILE_0}\"\n";
			showEnvVarsInLog = 0;
		};
		86699B6AD3DC55C6FFF83E58 /* [CP] Copy Pods Resources */ = {
			isa = PBXShellScriptBuildPhase;
			buildActionMask = 2147483647;
			files = (
			);
			inputPaths = (
			);
			name = "[CP] Copy Pods Resources";
			outputPaths = (
			);
			runOnlyForDeploymentPostprocessing = 0;
			shellPath = /bin/sh;
			shellScript = "\"${SRCROOT}/Pods/Target Support Files/Pods-PickupRideTests/Pods-PickupRideTests-resources.sh\"\n";
			showEnvVarsInLog = 0;
		};
/* End PBXShellScriptBuildPhase section */

/* Begin PBXSourcesBuildPhase section */
		F7E7E3A62023417200BF0D50 /* Sources */ = {
			isa = PBXSourcesBuildPhase;
			buildActionMask = 2147483647;
			files = (
				F7D1484520234D20003A4F63 /* CurrentRideViewController.swift in Sources */,
				F7E7E3B62023417200BF0D50 /* PickupRide.xcdatamodeld in Sources */,
				F7201A2D20244DE1002A13DE /* ProfileViewController.swift in Sources */,
				F7D1484720234DB9003A4F63 /* CurrentRideViewModel.swift in Sources */,
				F7D1485720238547003A4F63 /* Texts.swift in Sources */,
				F7201A41202476C7002A13DE /* Location.swift in Sources */,
				F7D1484A20234F2E003A4F63 /* BundleImage.swift in Sources */,
				F7D1485520237EB5003A4F63 /* RideActionView.swift in Sources */,
				F7201A3020244DEF002A13DE /* ProfileViewModel.swift in Sources */,
				F7E7E3AE2023417200BF0D50 /* AppDelegate.swift in Sources */,
				F7201A3C2024754F002A13DE /* RideAction.swift in Sources */,
				F7201A3A20246B4E002A13DE /* Booking.swift in Sources */,
				F7201A3620245EB9002A13DE /* ProfileOptionCell.swift in Sources */,
				F7201A3F2024757C002A13DE /* GPSData.swift in Sources */,
				F7201A3220244FD3002A13DE /* UIColor+Theme.swift in Sources */,
				F7D1484F20235282003A4F63 /* NavigationController.swift in Sources */,
				F7D1483F202349E0003A4F63 /* NavigationService.swift in Sources */,
			);
			runOnlyForDeploymentPostprocessing = 0;
		};
		F7E7E3BD2023417200BF0D50 /* Sources */ = {
			isa = PBXSourcesBuildPhase;
			buildActionMask = 2147483647;
			files = (
				F7E7E3C62023417200BF0D50 /* PickupRideTests.swift in Sources */,
			);
			runOnlyForDeploymentPostprocessing = 0;
		};
/* End PBXSourcesBuildPhase section */

/* Begin PBXTargetDependency section */
		F7E7E3C32023417200BF0D50 /* PBXTargetDependency */ = {
			isa = PBXTargetDependency;
			target = F7E7E3A92023417200BF0D50 /* PickupRide */;
			targetProxy = F7E7E3C22023417200BF0D50 /* PBXContainerItemProxy */;
		};
/* End PBXTargetDependency section */

/* Begin PBXVariantGroup section */
		F7E7E3B92023417200BF0D50 /* LaunchScreen.storyboard */ = {
			isa = PBXVariantGroup;
			children = (
				F7E7E3BA2023417200BF0D50 /* Base */,
			);
			name = LaunchScreen.storyboard;
			sourceTree = "<group>";
		};
/* End PBXVariantGroup section */

/* Begin XCBuildConfiguration section */
		F7E7E3C82023417200BF0D50 /* Debug */ = {
			isa = XCBuildConfiguration;
			buildSettings = {
				ALWAYS_SEARCH_USER_PATHS = NO;
				CLANG_ANALYZER_NONNULL = YES;
				CLANG_ANALYZER_NUMBER_OBJECT_CONVERSION = YES_AGGRESSIVE;
				CLANG_CXX_LANGUAGE_STANDARD = "gnu++14";
				CLANG_CXX_LIBRARY = "libc++";
				CLANG_ENABLE_MODULES = YES;
				CLANG_ENABLE_OBJC_ARC = YES;
				CLANG_WARN_BLOCK_CAPTURE_AUTORELEASING = YES;
				CLANG_WARN_BOOL_CONVERSION = YES;
				CLANG_WARN_COMMA = YES;
				CLANG_WARN_CONSTANT_CONVERSION = YES;
				CLANG_WARN_DIRECT_OBJC_ISA_USAGE = YES_ERROR;
				CLANG_WARN_DOCUMENTATION_COMMENTS = YES;
				CLANG_WARN_EMPTY_BODY = YES;
				CLANG_WARN_ENUM_CONVERSION = YES;
				CLANG_WARN_INFINITE_RECURSION = YES;
				CLANG_WARN_INT_CONVERSION = YES;
				CLANG_WARN_NON_LITERAL_NULL_CONVERSION = YES;
				CLANG_WARN_OBJC_LITERAL_CONVERSION = YES;
				CLANG_WARN_OBJC_ROOT_CLASS = YES_ERROR;
				CLANG_WARN_RANGE_LOOP_ANALYSIS = YES;
				CLANG_WARN_STRICT_PROTOTYPES = YES;
				CLANG_WARN_SUSPICIOUS_MOVE = YES;
				CLANG_WARN_UNGUARDED_AVAILABILITY = YES_AGGRESSIVE;
				CLANG_WARN_UNREACHABLE_CODE = YES;
				CLANG_WARN__DUPLICATE_METHOD_MATCH = YES;
				CODE_SIGN_IDENTITY = "iPhone Developer";
				COPY_PHASE_STRIP = NO;
				DEBUG_INFORMATION_FORMAT = dwarf;
				ENABLE_STRICT_OBJC_MSGSEND = YES;
				ENABLE_TESTABILITY = YES;
				GCC_C_LANGUAGE_STANDARD = gnu11;
				GCC_DYNAMIC_NO_PIC = NO;
				GCC_NO_COMMON_BLOCKS = YES;
				GCC_OPTIMIZATION_LEVEL = 0;
				GCC_PREPROCESSOR_DEFINITIONS = (
					"DEBUG=1",
					"$(inherited)",
				);
				GCC_WARN_64_TO_32_BIT_CONVERSION = YES;
				GCC_WARN_ABOUT_RETURN_TYPE = YES_ERROR;
				GCC_WARN_UNDECLARED_SELECTOR = YES;
				GCC_WARN_UNINITIALIZED_AUTOS = YES_AGGRESSIVE;
				GCC_WARN_UNUSED_FUNCTION = YES;
				GCC_WARN_UNUSED_VARIABLE = YES;
				IPHONEOS_DEPLOYMENT_TARGET = 11.2;
				MTL_ENABLE_DEBUG_INFO = YES;
				ONLY_ACTIVE_ARCH = YES;
				SDKROOT = iphoneos;
				SWIFT_ACTIVE_COMPILATION_CONDITIONS = DEBUG;
				SWIFT_OPTIMIZATION_LEVEL = "-Onone";
			};
			name = Debug;
		};
		F7E7E3C92023417200BF0D50 /* Release */ = {
			isa = XCBuildConfiguration;
			buildSettings = {
				ALWAYS_SEARCH_USER_PATHS = NO;
				CLANG_ANALYZER_NONNULL = YES;
				CLANG_ANALYZER_NUMBER_OBJECT_CONVERSION = YES_AGGRESSIVE;
				CLANG_CXX_LANGUAGE_STANDARD = "gnu++14";
				CLANG_CXX_LIBRARY = "libc++";
				CLANG_ENABLE_MODULES = YES;
				CLANG_ENABLE_OBJC_ARC = YES;
				CLANG_WARN_BLOCK_CAPTURE_AUTORELEASING = YES;
				CLANG_WARN_BOOL_CONVERSION = YES;
				CLANG_WARN_COMMA = YES;
				CLANG_WARN_CONSTANT_CONVERSION = YES;
				CLANG_WARN_DIRECT_OBJC_ISA_USAGE = YES_ERROR;
				CLANG_WARN_DOCUMENTATION_COMMENTS = YES;
				CLANG_WARN_EMPTY_BODY = YES;
				CLANG_WARN_ENUM_CONVERSION = YES;
				CLANG_WARN_INFINITE_RECURSION = YES;
				CLANG_WARN_INT_CONVERSION = YES;
				CLANG_WARN_NON_LITERAL_NULL_CONVERSION = YES;
				CLANG_WARN_OBJC_LITERAL_CONVERSION = YES;
				CLANG_WARN_OBJC_ROOT_CLASS = YES_ERROR;
				CLANG_WARN_RANGE_LOOP_ANALYSIS = YES;
				CLANG_WARN_STRICT_PROTOTYPES = YES;
				CLANG_WARN_SUSPICIOUS_MOVE = YES;
				CLANG_WARN_UNGUARDED_AVAILABILITY = YES_AGGRESSIVE;
				CLANG_WARN_UNREACHABLE_CODE = YES;
				CLANG_WARN__DUPLICATE_METHOD_MATCH = YES;
				CODE_SIGN_IDENTITY = "iPhone Developer";
				COPY_PHASE_STRIP = NO;
				DEBUG_INFORMATION_FORMAT = "dwarf-with-dsym";
				ENABLE_NS_ASSERTIONS = NO;
				ENABLE_STRICT_OBJC_MSGSEND = YES;
				GCC_C_LANGUAGE_STANDARD = gnu11;
				GCC_NO_COMMON_BLOCKS = YES;
				GCC_WARN_64_TO_32_BIT_CONVERSION = YES;
				GCC_WARN_ABOUT_RETURN_TYPE = YES_ERROR;
				GCC_WARN_UNDECLARED_SELECTOR = YES;
				GCC_WARN_UNINITIALIZED_AUTOS = YES_AGGRESSIVE;
				GCC_WARN_UNUSED_FUNCTION = YES;
				GCC_WARN_UNUSED_VARIABLE = YES;
				IPHONEOS_DEPLOYMENT_TARGET = 11.2;
				MTL_ENABLE_DEBUG_INFO = NO;
				SDKROOT = iphoneos;
				SWIFT_OPTIMIZATION_LEVEL = "-Owholemodule";
				VALIDATE_PRODUCT = YES;
			};
			name = Release;
		};
		F7E7E3CB2023417200BF0D50 /* Debug */ = {
			isa = XCBuildConfiguration;
			baseConfigurationReference = 1822F347F0FB8978AC379A32 /* Pods-PickupRide.debug.xcconfig */;
			buildSettings = {
				ASSETCATALOG_COMPILER_APPICON_NAME = AppIcon;
				CODE_SIGN_STYLE = Automatic;
				INFOPLIST_FILE = "$(SRCROOT)/PickupRide/Resources/Info.plist";
				LD_RUNPATH_SEARCH_PATHS = "$(inherited) @executable_path/Frameworks";
				PRODUCT_BUNDLE_IDENTIFIER = com.test.PickupRide;
				PRODUCT_NAME = "$(TARGET_NAME)";
				SWIFT_VERSION = 4.0;
				TARGETED_DEVICE_FAMILY = "1,2";
			};
			name = Debug;
		};
		F7E7E3CC2023417200BF0D50 /* Release */ = {
			isa = XCBuildConfiguration;
			baseConfigurationReference = 8AFCD9CABD33C29025C8DF1F /* Pods-PickupRide.release.xcconfig */;
			buildSettings = {
				ASSETCATALOG_COMPILER_APPICON_NAME = AppIcon;
				CODE_SIGN_STYLE = Automatic;
				INFOPLIST_FILE = "$(SRCROOT)/PickupRide/Resources/Info.plist";
				LD_RUNPATH_SEARCH_PATHS = "$(inherited) @executable_path/Frameworks";
				PRODUCT_BUNDLE_IDENTIFIER = com.test.PickupRide;
				PRODUCT_NAME = "$(TARGET_NAME)";
				SWIFT_VERSION = 4.0;
				TARGETED_DEVICE_FAMILY = "1,2";
			};
			name = Release;
		};
		F7E7E3CE2023417200BF0D50 /* Debug */ = {
			isa = XCBuildConfiguration;
			baseConfigurationReference = 15D19F660E5126DC63BD3B8F /* Pods-PickupRideTests.debug.xcconfig */;
			buildSettings = {
				ALWAYS_EMBED_SWIFT_STANDARD_LIBRARIES = YES;
				BUNDLE_LOADER = "$(TEST_HOST)";
				CODE_SIGN_STYLE = Automatic;
				INFOPLIST_FILE = PickupRideTests/Info.plist;
				LD_RUNPATH_SEARCH_PATHS = "$(inherited) @executable_path/Frameworks @loader_path/Frameworks";
				PRODUCT_BUNDLE_IDENTIFIER = com.test.PickupRideTests;
				PRODUCT_NAME = "$(TARGET_NAME)";
				SWIFT_VERSION = 4.0;
				TARGETED_DEVICE_FAMILY = "1,2";
				TEST_HOST = "$(BUILT_PRODUCTS_DIR)/PickupRide.app/PickupRide";
			};
			name = Debug;
		};
		F7E7E3CF2023417200BF0D50 /* Release */ = {
			isa = XCBuildConfiguration;
			baseConfigurationReference = 3F5328A4846B925CD7757917 /* Pods-PickupRideTests.release.xcconfig */;
			buildSettings = {
				ALWAYS_EMBED_SWIFT_STANDARD_LIBRARIES = YES;
				BUNDLE_LOADER = "$(TEST_HOST)";
				CODE_SIGN_STYLE = Automatic;
				INFOPLIST_FILE = PickupRideTests/Info.plist;
				LD_RUNPATH_SEARCH_PATHS = "$(inherited) @executable_path/Frameworks @loader_path/Frameworks";
				PRODUCT_BUNDLE_IDENTIFIER = com.test.PickupRideTests;
				PRODUCT_NAME = "$(TARGET_NAME)";
				SWIFT_VERSION = 4.0;
				TARGETED_DEVICE_FAMILY = "1,2";
				TEST_HOST = "$(BUILT_PRODUCTS_DIR)/PickupRide.app/PickupRide";
			};
			name = Release;
		};
/* End XCBuildConfiguration section */

/* Begin XCConfigurationList section */
		F7E7E3A52023417200BF0D50 /* Build configuration list for PBXProject "PickupRide" */ = {
			isa = XCConfigurationList;
			buildConfigurations = (
				F7E7E3C82023417200BF0D50 /* Debug */,
				F7E7E3C92023417200BF0D50 /* Release */,
			);
			defaultConfigurationIsVisible = 0;
			defaultConfigurationName = Release;
		};
		F7E7E3CA2023417200BF0D50 /* Build configuration list for PBXNativeTarget "PickupRide" */ = {
			isa = XCConfigurationList;
			buildConfigurations = (
				F7E7E3CB2023417200BF0D50 /* Debug */,
				F7E7E3CC2023417200BF0D50 /* Release */,
			);
			defaultConfigurationIsVisible = 0;
			defaultConfigurationName = Release;
		};
		F7E7E3CD2023417200BF0D50 /* Build configuration list for PBXNativeTarget "PickupRideTests" */ = {
			isa = XCConfigurationList;
			buildConfigurations = (
				F7E7E3CE2023417200BF0D50 /* Debug */,
				F7E7E3CF2023417200BF0D50 /* Release */,
			);
			defaultConfigurationIsVisible = 0;
			defaultConfigurationName = Release;
		};
/* End XCConfigurationList section */

/* Begin XCVersionGroup section */
		F7E7E3B42023417200BF0D50 /* PickupRide.xcdatamodeld */ = {
			isa = XCVersionGroup;
			children = (
				F7E7E3B52023417200BF0D50 /* PickupRide.xcdatamodel */,
			);
			currentVersion = F7E7E3B52023417200BF0D50 /* PickupRide.xcdatamodel */;
			path = PickupRide.xcdatamodeld;
			sourceTree = "<group>";
			versionGroupType = wrapper.xcdatamodel;
		};
/* End XCVersionGroup section */
	};
	rootObject = F7E7E3A22023417200BF0D50 /* Project object */;
}
